<?xml version="1.0" encoding="utf-8"?>
<Project ToolsVersion="4.0" xmlns="http://schemas.microsoft.com/developer/msbuild/2003">
  <ItemGroup>
    <Filter Include="源文件">
      <UniqueIdentifier>{4FC737F1-C7A5-4376-A066-2A32D752A2FF}</UniqueIdentifier>
      <Extensions>cpp;c;cc;cxx;def;odl;idl;hpj;bat;asm;asmx</Extensions>
    </Filter>
    <Filter Include="头文件">
      <UniqueIdentifier>{93995380-89BD-4b04-88EB-625FBE52EBFB}</UniqueIdentifier>
      <Extensions>h;hh;hpp;hxx;hm;inl;inc;xsd</Extensions>
    </Filter>
    <Filter Include="资源文件">
      <UniqueIdentifier>{67DA6AB6-F800-4c08-8B7A-83BB121AAD01}</UniqueIdentifier>
      <Extensions>rc;ico;cur;bmp;dlg;rc2;rct;bin;rgs;gif;jpg;jpeg;jpe;resx;tiff;tif;png;wav;mfcribbon-ms</Extensions>
    </Filter>
    <Filter Include="头文件\ms">
      <UniqueIdentifier>{860e067d-d896-4cb7-9a95-c8e5cbe3bf77}</UniqueIdentifier>
    </Filter>
    <Filter Include="头文件\ms\service">
      <UniqueIdentifier>{1208256e-98c3-4bc1-bdf1-9692e2620708}</UniqueIdentifier>
    </Filter>
    <Filter Include="头文件\ms\path">
      <UniqueIdentifier>{6c9eaa4d-9c8f-4915-a98f-7cec54ae0d4f}</UniqueIdentifier>
    </Filter>
    <Filter Include="源文件\ms">
      <UniqueIdentifier>{aedcfb1d-806b-438d-af43-70c437d46252}</UniqueIdentifier>
    </Filter>
    <Filter Include="源文件\ms\path">
      <UniqueIdentifier>{77f6aa23-14de-452a-8f1d-c0e40a571ca1}</UniqueIdentifier>
    </Filter>
  </ItemGroup>
  <ItemGroup>
    <Text Include="ReadMe.txt" />
  </ItemGroup>
  <ItemGroup>
    <ClInclude Include="ServiceMonitor.h">
      <Filter>头文件</Filter>
    </ClInclude>
    <ClInclude Include="ServiceMonitorDlg.h">
      <Filter>头文件</Filter>
    </ClInclude>
    <ClInclude Include="stdafx.h">
      <Filter>头文件</Filter>
    </ClInclude>
    <ClInclude Include="targetver.h">
      <Filter>头文件</Filter>
    </ClInclude>
    <ClInclude Include="Resource.h">
      <Filter>头文件</Filter>
    </ClInclude>
    <ClInclude Include="..\include\ms\path\path.h">
      <Filter>头文件\ms\path</Filter>
    </ClInclude>
    <ClInclude Include="..\include\ms\service\sc.h">
      <Filter>头文件\ms\service</Filter>
    </ClInclude>
  </ItemGroup>
  <ItemGroup>
    <ClCompile Include="ServiceMonitor.cpp">
      <Filter>源文件</Filter>
    </ClCompile>
    <ClCompile Include="ServiceMonitorDlg.cpp">
      <Filter>源文件</Filter>
    </ClCompile>
    <ClCompile Include="stdafx.cpp">
      <Filter>源文件</Filter>
    </ClCompile>
    <ClCompile Include="..\src\ms\path\path.cpp">
      <Filter>源文件\ms\path</Filter>
    </ClCompile>
  </ItemGroup>
  <ItemGroup>
    <ResourceCompile Include="ServiceMonitor.rc">
      <Filter>资源文件</Filter>
    </ResourceCompile>
  </ItemGroup>
  <ItemGroup>
    <None Include="res\ServiceMonitor.rc2">
      <Filter>资源文件</Filter>
    </None>
  </ItemGroup>
  <ItemGroup>
    <Image Include="res\ServiceMonitor.ico">
      <Filter>资源文件</Filter>
    </Image>
  </ItemGroup>
</Project>